
Microsoft Visual Studio Solution File, Format Version 12.00
# Visual Studio Version 16
VisualStudioVersion = 16.0.810.22
MinimumVisualStudioVersion = 10.0.40219.1
Project("{FAE04EC0-301F-11D3-BF4B-00C04F79EFBC}") = "rest-api", "rest-api\rest-api.csproj", "{ADF4582A-79F8-4C67-90A9-ED1FE7519257}"
EndProject
Project("{FAE04EC0-301F-11D3-BF4B-00C04F79EFBC}") = "rest-api.Tests", "rest-api.Tests\rest-api.Tests.csproj", "{B19279A6-311A-4B3E-B15F-4044CF50FB0A}"
EndProject
Global
	GlobalSection(SolutionConfigurationPlatforms) = preSolution
		Debug|Any CPU = Debug|Any CPU
		Release|Any CPU = Release|Any CPU
	EndGlobalSection
	GlobalSection(ProjectConfigurationPlatforms) = postSolution
		{ADF4582A-79F8-4C67-90A9-ED1FE7519257}.Debug|Any CPU.ActiveCfg = Debug|Any CPU
		{ADF4582A-79F8-4C67-90A9-ED1FE7519257}.Debug|Any CPU.Build.0 = Debug|Any CPU
		{ADF4582A-79F8-4C67-90A9-ED1FE7519257}.Release|Any CPU.ActiveCfg = Release|Any CPU
		{ADF4582A-79F8-4C67-90A9-ED1FE7519257}.Release|Any CPU.Build.0 = Release|Any CPU
		{B19279A6-311A-4B3E-B15F-4044CF50FB0A}.Debug|Any CPU.ActiveCfg = Debug|Any CPU
		{B19279A6-311A-4B3E-B15F-4044CF50FB0A}.Debug|Any CPU.Build.0 = Debug|Any CPU
		{B19279A6-311A-4B3E-B15F-4044CF50FB0A}.Release|Any CPU.ActiveCfg = Release|Any CPU
		{B19279A6-311A-4B3E-B15F-4044CF50FB0A}.Release|Any CPU.Build.0 = Release|Any CPU
	EndGlobalSection
	GlobalSection(SolutionProperties) = preSolution
		HideSolutionNode = FALSE
	EndGlobalSection
	GlobalSection(ExtensibilityGlobals) = postSolution
		SolutionGuid = {6CFD45FD-46CB-4E49-A2DD-F2917A1F7123}
	EndGlobalSection
EndGlobal
